
Microsoft Visual Studio Solution File, Format Version 12.00
# Visual Studio Version 17
VisualStudioVersion = 17.11.35312.102
MinimumVisualStudioVersion = 10.0.40219.1
Project("{FAE04EC0-301F-11D3-BF4B-00C04F79EFBC}") = "calculadoranomina", "calculadoranomina\calculadoranomina.csproj", "{DDC7F3D8-E16D-4E88-994F-FFDD10F0E381}"
EndProject
Global
	GlobalSection(SolutionConfigurationPlatforms) = preSolution
		Debug|Any CPU = Debug|Any CPU
		Release|Any CPU = Release|Any CPU
	EndGlobalSection
	GlobalSection(ProjectConfigurationPlatforms) = postSolution
		{DDC7F3D8-E16D-4E88-994F-FFDD10F0E381}.Debug|Any CPU.ActiveCfg = Debug|Any CPU
		{DDC7F3D8-E16D-4E88-994F-FFDD10F0E381}.Debug|Any CPU.Build.0 = Debug|Any CPU
		{DDC7F3D8-E16D-4E88-994F-FFDD10F0E381}.Release|Any CPU.ActiveCfg = Release|Any CPU
		{DDC7F3D8-E16D-4E88-994F-FFDD10F0E381}.Release|Any CPU.Build.0 = Release|Any CPU
	EndGlobalSection
	GlobalSection(SolutionProperties) = preSolution
		HideSolutionNode = FALSE
	EndGlobalSection
	GlobalSection(ExtensibilityGlobals) = postSolution
		SolutionGuid = {C0DCE7E2-2F84-4D60-8282-6267D252570D}
	EndGlobalSection
EndGlobal
